
Microsoft Visual Studio Solution File, Format Version 12.00
# Visual Studio Version 16
VisualStudioVersion = 16.0.31205.134
MinimumVisualStudioVersion = 10.0.40219.1
Project("{8BC9CEB8-8B4A-11D0-8D11-00A0C91BC942}") = "OpenJ2K", "OpenJ2K\OpenJ2K.vcxproj", "{F9D19E77-7BBD-4F35-AACA-8876096CA85D}"
EndProject
Project("{8BC9CEB8-8B4A-11D0-8D11-00A0C91BC942}") = "TrieBuilder", "TrieBuilder\TrieBuilder.vcxproj", "{00F9A2AC-5406-4CBB-8A85-06E1912E5898}"
EndProject
Project("{8BC9CEB8-8B4A-11D0-8D11-00A0C91BC942}") = "Shalsha", "Shalsha\Shalsha.vcxproj", "{C9C45E15-0E55-41C1-8676-6956D6F1A9B2}"
EndProject
Global
	GlobalSection(SolutionConfigurationPlatforms) = preSolution
		Debug|x64 = Debug|x64
		Debug|x86 = Debug|x86
		Release|x64 = Release|x64
		Release|x86 = Release|x86
	EndGlobalSection
	GlobalSection(ProjectConfigurationPlatforms) = postSolution
		{F9D19E77-7BBD-4F35-AACA-8876096CA85D}.Debug|x64.ActiveCfg = Debug|x64
		{F9D19E77-7BBD-4F35-AACA-8876096CA85D}.Debug|x64.Build.0 = Debug|x64
		{F9D19E77-7BBD-4F35-AACA-8876096CA85D}.Debug|x86.ActiveCfg = Debug|Win32
		{F9D19E77-7BBD-4F35-AACA-8876096CA85D}.Debug|x86.Build.0 = Debug|Win32
		{F9D19E77-7BBD-4F35-AACA-8876096CA85D}.Release|x64.ActiveCfg = Release|x64
		{F9D19E77-7BBD-4F35-AACA-8876096CA85D}.Release|x64.Build.0 = Release|x64
		{F9D19E77-7BBD-4F35-AACA-8876096CA85D}.Release|x86.ActiveCfg = Release|Win32
		{F9D19E77-7BBD-4F35-AACA-8876096CA85D}.Release|x86.Build.0 = Release|Win32
		{00F9A2AC-5406-4CBB-8A85-06E1912E5898}.Debug|x64.ActiveCfg = Debug|x64
		{00F9A2AC-5406-4CBB-8A85-06E1912E5898}.Debug|x64.Build.0 = Debug|x64
		{00F9A2AC-5406-4CBB-8A85-06E1912E5898}.Debug|x86.ActiveCfg = Debug|Win32
		{00F9A2AC-5406-4CBB-8A85-06E1912E5898}.Debug|x86.Build.0 = Debug|Win32
		{00F9A2AC-5406-4CBB-8A85-06E1912E5898}.Release|x64.ActiveCfg = Release|x64
		{00F9A2AC-5406-4CBB-8A85-06E1912E5898}.Release|x64.Build.0 = Release|x64
		{00F9A2AC-5406-4CBB-8A85-06E1912E5898}.Release|x86.ActiveCfg = Release|Win32
		{00F9A2AC-5406-4CBB-8A85-06E1912E5898}.Release|x86.Build.0 = Release|Win32
		{C9C45E15-0E55-41C1-8676-6956D6F1A9B2}.Debug|x64.ActiveCfg = Debug|x64
		{C9C45E15-0E55-41C1-8676-6956D6F1A9B2}.Debug|x64.Build.0 = Debug|x64
		{C9C45E15-0E55-41C1-8676-6956D6F1A9B2}.Debug|x86.ActiveCfg = Debug|Win32
		{C9C45E15-0E55-41C1-8676-6956D6F1A9B2}.Debug|x86.Build.0 = Debug|Win32
		{C9C45E15-0E55-41C1-8676-6956D6F1A9B2}.Release|x64.ActiveCfg = Release|x64
		{C9C45E15-0E55-41C1-8676-6956D6F1A9B2}.Release|x64.Build.0 = Release|x64
		{C9C45E15-0E55-41C1-8676-6956D6F1A9B2}.Release|x86.ActiveCfg = Release|Win32
		{C9C45E15-0E55-41C1-8676-6956D6F1A9B2}.Release|x86.Build.0 = Release|Win32
	EndGlobalSection
	GlobalSection(SolutionProperties) = preSolution
		HideSolutionNode = FALSE
	EndGlobalSection
	GlobalSection(ExtensibilityGlobals) = postSolution
		SolutionGuid = {BF94EE42-99B2-4C1C-879E-269906B6E244}
	EndGlobalSection
EndGlobal
